PODS:
  - AWSAuthCore (2.6.14):
    - AWSCore (= 2.6.14)
  - AWSCore (2.6.14)
  - AWSMobileClient (2.6.14):
    - AWSAuthCore (= 2.6.14)
  - AWSRekognition (2.6.14):
    - AWSCore (= 2.6.14)
  - Firebase/Core (4.11.0):
    - FirebaseAnalytics (= 4.1.0)
    - FirebaseCore (= 4.0.18)
  - FirebaseAnalytics (4.1.0):
    - FirebaseCore (~> 4.0)
    - FirebaseInstanceID (~> 2.0)
    - "GoogleToolboxForMac/NSData+zlib (~> 2.1)"
    - nanopb (~> 0.3)
  - FirebaseCore (4.0.18):
    - "GoogleToolboxForMac/NSData+zlib (~> 2.1)"
  - FirebaseInstanceID (2.0.10):
    - FirebaseCore (~> 4.0)
  - GoogleInterchangeUtilities (1.2.2):
    - GoogleSymbolUtilities (~> 1.1)
  - GoogleMobileVision/Detector (1.1.0):
    - GoogleInterchangeUtilities (~> 1.2)
    - GoogleNetworkingUtilities (~> 1.2)
    - GoogleUtilities (~> 1.3)
  - GoogleMobileVision/FaceDetector (1.1.0):
    - GoogleMobileVision/Detector
  - GoogleNetworkingUtilities (1.2.2):
    - GoogleSymbolUtilities (~> 1.1)
  - GoogleSymbolUtilities (1.1.2)
  - GoogleToolboxForMac/Defines (2.1.3)
  - "GoogleToolboxForMac/NSData+zlib (2.1.3)":
    - GoogleToolboxForMac/Defines (= 2.1.3)
  - GoogleUtilities (1.3.2):
    - GoogleSymbolUtilities (~> 1.1)
  - lottie-ios (2.5.0)
  - nanopb (0.3.8):
    - nanopb/decode (= 0.3.8)
    - nanopb/encode (= 0.3.8)
  - nanopb/decode (0.3.8)
  - nanopb/encode (0.3.8)
  - TesseractOCRiOS (4.0.0)

DEPENDENCIES:
  - AWSMobileClient (~> 2.6.13)
  - AWSRekognition
  - Firebase/Core
  - GoogleMobileVision/FaceDetector
  - lottie-ios
  - TesseractOCRiOS (= 4.0.0)

SPEC REPOS:
  https://github.com/CocoaPods/Specs.git:
    - AWSAuthCore
    - AWSCore
    - AWSMobileClient
    - AWSRekognition
    - Firebase
    - FirebaseAnalytics
    - FirebaseCore
    - FirebaseInstanceID
    - GoogleInterchangeUtilities
    - GoogleMobileVision
    - GoogleNetworkingUtilities
    - GoogleSymbolUtilities
    - GoogleToolboxForMac
    - GoogleUtilities
    - lottie-ios
    - nanopb
    - TesseractOCRiOS

SPEC CHECKSUMS:
  AWSAuthCore: b13b0cb87abac6d44c52d8b965bbdb4cd0842017
  AWSCore: 8c883c2623d314dd82cca3809527784e1d1a02e5
  AWSMobileClient: 4467dd19e5e50d9a115b37e7be3ffb689c0b285c
  AWSRekognition: 44e279b30080235a62d30220cc81cbb06777b315
  Firebase: cc13dfab1038c8b45d7903e01fc690451d6d0b24
  FirebaseAnalytics: 3dfae28d4a5e06f86c4fae830efc2ad3fadb19bc
  FirebaseCore: b981f47e5254cbcfdeb483355300d743f6fcab2c
  FirebaseInstanceID: 8d20d890d65c917f9f7d9950b6e10a760ad34321
  GoogleInterchangeUtilities: d5bc4d88d5b661ab72f9d70c58d02ca8c27ad1f7
  GoogleMobileVision: d344d69c8987ee239c8a47257e2039084682d181
  GoogleNetworkingUtilities: 3edd3a8161347494f2da60ea0deddc8a472d94cb
  GoogleSymbolUtilities: 631ee17048aa5e9ab133470d768ea997a5ef9b96
  GoogleToolboxForMac: 2501e2ad72a52eb3dfe7bd9aee7dad11b858bd20
  GoogleUtilities: 8bbc733218aad26306f9d4a253823986110e3358
  lottie-ios: d699fdee68d7b63e721d949388b015fef1aaa4ac
  nanopb: 5601e6bca2dbf1ed831b519092ec110f66982ca3
  TesseractOCRiOS: 90638afbe43d082433f2e76b384c7901d23956df

PODFILE CHECKSUM: 59275ea2164106c205211b3c64ac9c8062df7563

COCOAPODS: 1.5.0
